<?xml version="1.0" encoding="utf-8"?>
<Project ToolsVersion="4.0" xmlns="http://schemas.microsoft.com/developer/msbuild/2003">
  <ItemGroup>
    <Filter Include="00. MainApp">
      <UniqueIdentifier>{380f988b-e1a6-42ae-8be7-9321e4e4e749}</UniqueIdentifier>
    </Filter>
    <Filter Include="99. Default">
      <UniqueIdentifier>{33f7b172-f900-4736-bf56-92f7a74c02d0}</UniqueIdentifier>
    </Filter>
    <Filter Include="99. Default\리소스 파일">
      <UniqueIdentifier>{67DA6AB6-F800-4c08-8B7A-83BB121AAD01}</UniqueIdentifier>
      <Extensions>rc;ico;cur;bmp;dlg;rc2;rct;bin;rgs;gif;jpg;jpeg;jpe;resx;tiff;tif;png;wav;mfcribbon-ms</Extensions>
    </Filter>
    <Filter Include="99. Default\소스 파일">
      <UniqueIdentifier>{4FC737F1-C7A5-4376-A066-2A32D752A2FF}</UniqueIdentifier>
      <Extensions>cpp;c;cc;cxx;def;odl;idl;hpj;bat;asm;asmx</Extensions>
    </Filter>
    <Filter Include="99. Default\헤더 파일">
      <UniqueIdentifier>{93995380-89BD-4b04-88EB-625FBE52EBFB}</UniqueIdentifier>
      <Extensions>h;hh;hpp;hxx;hm;inl;inc;xsd</Extensions>
    </Filter>
    <Filter Include="01. Scene">
      <UniqueIdentifier>{51abecec-9fb8-4a32-b8b8-3291df53ea13}</UniqueIdentifier>
    </Filter>
    <Filter Include="01. Scene\00. Logo">
      <UniqueIdentifier>{019cda08-d1b3-446a-a55c-95aea3c45ddf}</UniqueIdentifier>
    </Filter>
    <Filter Include="01. Scene\01. Stage">
      <UniqueIdentifier>{89694268-cdb2-4de5-8f07-5d50beb56bc6}</UniqueIdentifier>
    </Filter>
    <Filter Include="02. GameObject">
      <UniqueIdentifier>{92c612f7-c35f-43df-8932-e63aa606626c}</UniqueIdentifier>
    </Filter>
    <Filter Include="01. Scene\99. Loading">
      <UniqueIdentifier>{9a8454ca-ef75-40a4-b8b4-2356079cbdbf}</UniqueIdentifier>
    </Filter>
    <Filter Include="02. GameObject\00. For_Logo">
      <UniqueIdentifier>{5a8d69e7-c8e9-4a9b-91c7-853e34fa8fe9}</UniqueIdentifier>
    </Filter>
    <Filter Include="02. GameObject\00. For_Logo\00. BackGround">
      <UniqueIdentifier>{67ae8269-0e3e-4e1d-bb00-6cef0314eebe}</UniqueIdentifier>
    </Filter>
    <Filter Include="02. GameObject\01. For_Stage">
      <UniqueIdentifier>{058d93af-d6e6-4c17-bb2c-1c6d058f5222}</UniqueIdentifier>
    </Filter>
    <Filter Include="02. GameObject\01. For_Stage\03. Terrain">
      <UniqueIdentifier>{40f1ba94-ad87-43ef-9cff-3cb75eb5c6eb}</UniqueIdentifier>
    </Filter>
    <Filter Include="02. GameObject\02. For_Public">
      <UniqueIdentifier>{c64283c5-6e71-4ebf-af61-ad4caf2ec8e9}</UniqueIdentifier>
    </Filter>
    <Filter Include="02. GameObject\02. For_Public\00. DynamicCamera">
      <UniqueIdentifier>{06c00032-cdf1-4dc1-a772-6a4addf1c66b}</UniqueIdentifier>
    </Filter>
    <Filter Include="02. GameObject\02. For_Public\01. StaticCamera">
      <UniqueIdentifier>{cbf0eaa8-9ffa-4d2e-ad84-fcb88ed9d732}</UniqueIdentifier>
    </Filter>
    <Filter Include="02. GameObject\01. For_Stage\04. SkyBox">
      <UniqueIdentifier>{59f910b3-944e-4ce1-b7a0-77af18a423fb}</UniqueIdentifier>
    </Filter>
    <Filter Include="02. GameObject\01. For_Stage\05. Effect">
      <UniqueIdentifier>{de12ce28-151c-47f7-997a-9a8134e6391d}</UniqueIdentifier>
    </Filter>
    <Filter Include="99. Default\ImGui">
      <UniqueIdentifier>{49092b85-0d45-49b7-a444-43c0e505728d}</UniqueIdentifier>
    </Filter>
    <Filter Include="99. Default\ImGui\Header">
      <UniqueIdentifier>{4bd3c917-19f6-4aca-82f4-7f30ad2de658}</UniqueIdentifier>
    </Filter>
    <Filter Include="99. Default\ImGui\Code">
      <UniqueIdentifier>{ab748461-f831-43fb-b91a-6e308a59c8b7}</UniqueIdentifier>
    </Filter>
    <Filter Include="98. ImGui">
      <UniqueIdentifier>{e95ece6c-2313-4cc8-9009-8bd2c4f4f923}</UniqueIdentifier>
    </Filter>
    <Filter Include="02. GameObject\01. For_Stage\01. Player">
      <UniqueIdentifier>{21c0dc4f-681b-4049-927d-f92cb0ddf472}</UniqueIdentifier>
    </Filter>
    <Filter Include="02. GameObject\01. For_Stage\02. Monster">
      <UniqueIdentifier>{87de0e07-45d7-4b52-b998-38517de48bc4}</UniqueIdentifier>
    </Filter>
    <Filter Include="02. GameObject\01. For_Stage\06. Item">
      <UniqueIdentifier>{b281a6ee-54ad-49fc-a4dc-a1e4bbd8a058}</UniqueIdentifier>
    </Filter>
    <Filter Include="02. GameObject\01. For_Stage\07. Bullet">
      <UniqueIdentifier>{53f83336-3f13-43bc-b5ea-91ceb8b1bc1a}</UniqueIdentifier>
    </Filter>
    <Filter Include="02. GameObject\01. For_Stage\07. Bullet\00. Player">
      <UniqueIdentifier>{3ae38ec1-9727-4b8a-8622-4206f13f4442}</UniqueIdentifier>
    </Filter>
    <Filter Include="02. GameObject\01. For_Stage\07. Bullet\01. Monster">
      <UniqueIdentifier>{3a36c34b-30ec-4941-a8cb-1d224d60195f}</UniqueIdentifier>
    </Filter>
    <Filter Include="02. GameObject\01. For_Stage\08. Block">
      <UniqueIdentifier>{49195ddc-5164-49cb-8904-da5100048f18}</UniqueIdentifier>
    </Filter>
    <Filter Include="02. GameObject\01. For_Stage\99. UI">
      <UniqueIdentifier>{0758a204-ed0e-4c65-9180-0770401000fc}</UniqueIdentifier>
    </Filter>
    <Filter Include="01. Scene\98. Tool_Scene">
      <UniqueIdentifier>{ea75e0e8-0c5e-4a5c-b456-b81471342084}</UniqueIdentifier>
    </Filter>
    <Filter Include="01. Scene\98. Tool_Scene\MapTool">
      <UniqueIdentifier>{9d8d01b5-b18b-483f-b718-3cfb48375287}</UniqueIdentifier>
    </Filter>
    <Filter Include="01. Scene\98. Tool_Scene\ParticleTool">
      <UniqueIdentifier>{6e88e087-be33-42b3-beed-f20c9c0f162d}</UniqueIdentifier>
    </Filter>
    <Filter Include="02. GameObject\01. For_Stage\09. NPC">
      <UniqueIdentifier>{ece81f9f-eabb-48ac-a655-651ea4aa0e51}</UniqueIdentifier>
    </Filter>
    <Filter Include="02. GameObject\00. For_Logo\01. FontLogo">
      <UniqueIdentifier>{1a45a041-662b-4c58-93fe-b2f277d25ffd}</UniqueIdentifier>
    </Filter>
    <Filter Include="02. GameObject\00. For_Logo\02. FontStart">
      <UniqueIdentifier>{a7ef1797-7010-4732-a2b8-22f0444e7528}</UniqueIdentifier>
    </Filter>
    <Filter Include="02. GameObject\01. For_Stage\07. Bullet\01. Monster\00. Fist">
      <UniqueIdentifier>{2d992638-c057-4820-a3c2-6fb05be23569}</UniqueIdentifier>
    </Filter>
    <Filter Include="02. GameObject\01. For_Stage\06. Item\01. Weapon">
      <UniqueIdentifier>{0b7afc21-769a-4ff7-b426-671a3dde5d8d}</UniqueIdentifier>
    </Filter>
    <Filter Include="02. GameObject\01. For_Stage\06. Item\01. Weapon\Wand">
      <UniqueIdentifier>{00279ff3-aa2a-4187-bb1b-6990a6a19ee7}</UniqueIdentifier>
    </Filter>
    <Filter Include="02. GameObject\01. For_Stage\06. Item\01. Weapon\Arrow">
      <UniqueIdentifier>{6bb1991e-6d9f-4a94-84d7-a94c2c3079c6}</UniqueIdentifier>
    </Filter>
    <Filter Include="02. GameObject\01. For_Stage\06. Item\00. Manager">
      <UniqueIdentifier>{9213aae1-9703-4f61-a3bc-9f0e034df64e}</UniqueIdentifier>
    </Filter>
    <Filter Include="02. GameObject\01. For_Stage\07. Bullet\01. Monster\02. Leaf">
      <UniqueIdentifier>{fde1a060-1e3e-410e-b32d-020c9302a2fc}</UniqueIdentifier>
    </Filter>
    <Filter Include="02. GameObject\01. For_Stage\07. Bullet\01. Monster\01. SongBoss">
      <UniqueIdentifier>{978bcb6c-d2a1-48e5-adaa-509d6eaa9dec}</UniqueIdentifier>
    </Filter>
    <Filter Include="02. GameObject\01. For_Stage\07. Bullet\01. Monster\01. SongBoss\00. Bullet">
      <UniqueIdentifier>{99b4687d-1545-4096-add2-7d4fcf4740ea}</UniqueIdentifier>
    </Filter>
    <Filter Include="02. GameObject\01. For_Stage\02. Monster\98. SongBoss">
      <UniqueIdentifier>{49497359-5d52-4df1-9fee-118bae8f1ec2}</UniqueIdentifier>
    </Filter>
    <Filter Include="02. GameObject\01. For_Stage\02. Monster\01. GreenSlime">
      <UniqueIdentifier>{da4ca73c-5f11-451c-938a-f0981f4a2485}</UniqueIdentifier>
    </Filter>
    <Filter Include="02. GameObject\01. For_Stage\02. Monster\02. PinkSlime">
      <UniqueIdentifier>{bf59f465-c70c-4cb1-b9c3-e2c6520ed16c}</UniqueIdentifier>
    </Filter>
    <Filter Include="02. GameObject\01. For_Stage\02. Monster\03. Fist">
      <UniqueIdentifier>{5364afbc-47b7-494b-ab93-f376078edd57}</UniqueIdentifier>
    </Filter>
    <Filter Include="02. GameObject\01. For_Stage\02. Monster\04. BlueBat">
      <UniqueIdentifier>{3043291d-448d-4727-8552-c3c7dbf0534e}</UniqueIdentifier>
    </Filter>
    <Filter Include="02. GameObject\01. For_Stage\02. Monster\05. BrownBat">
      <UniqueIdentifier>{d5d70138-1c16-4a7a-8c6c-f1c3d6bff403}</UniqueIdentifier>
    </Filter>
    <Filter Include="02. GameObject\01. For_Stage\02. Monster\06. Stick">
      <UniqueIdentifier>{d70d262e-8916-46e3-9774-6d31a3e924e6}</UniqueIdentifier>
    </Filter>
    <Filter Include="02. GameObject\01. For_Stage\02. Monster\07. Leaf">
      <UniqueIdentifier>{1187f670-7c17-47b1-9c16-7b1272f5b4ca}</UniqueIdentifier>
    </Filter>
    <Filter Include="02. GameObject\01. For_Stage\02. Monster\00. Manager">
      <UniqueIdentifier>{ec588d8e-90b9-4fe8-99b1-4bc6329ed68b}</UniqueIdentifier>
    </Filter>
    <Filter Include="01. Scene\98. Tool_Scene\InfoTool">
      <UniqueIdentifier>{5c894ac4-ce7f-4343-9a16-8b06173cd1b9}</UniqueIdentifier>
    </Filter>
    <Filter Include="02. GameObject\01. For_Stage\02. Monster\08. SkeletonGhost">
      <UniqueIdentifier>{7bfd22dd-8524-4821-a8af-1faf60d017b6}</UniqueIdentifier>
    </Filter>
    <Filter Include="01. Scene\98. Tool_Scene\ObjectTool">
      <UniqueIdentifier>{eea8e898-3bef-48e3-b45f-4dc259f2193b}</UniqueIdentifier>
    </Filter>
    <Filter Include="02. GameObject\01. For_Stage\10. EcoObject">
      <UniqueIdentifier>{62f9a876-dbd3-4e16-912e-3d77abd8d56a}</UniqueIdentifier>
    </Filter>
    <Filter Include="02. GameObject\01. For_Stage\06. Item\01. Weapon\Dagger">
      <UniqueIdentifier>{d1e2faf3-2722-4601-952b-9fb5382577bb}</UniqueIdentifier>
    </Filter>
    <Filter Include="02. GameObject\02. For_Public\03. Particle">
      <UniqueIdentifier>{258eb209-7e41-421e-935a-5990fbd9a4f4}</UniqueIdentifier>
    </Filter>
    <Filter Include="02. GameObject\02. For_Public\03. Particle\99. UserParticle">
      <UniqueIdentifier>{06c6df7e-df28-4faf-8f89-402d0e2827ea}</UniqueIdentifier>
    </Filter>
    <Filter Include="02. GameObject\02. For_Public\03. Particle\Manager">
      <UniqueIdentifier>{eba8f420-befd-42b2-bb7e-0845e53dbacb}</UniqueIdentifier>
    </Filter>
    <Filter Include="02. GameObject\02. For_Public\02. ObjectCamera">
      <UniqueIdentifier>{3c5febbc-f7d4-4572-9420-091ba4473abb}</UniqueIdentifier>
    </Filter>
    <Filter Include="02. GameObject\02. For_Public\04. BlockBuffer">
      <UniqueIdentifier>{581df993-7ceb-485d-a437-67400f10e345}</UniqueIdentifier>
    </Filter>
    <Filter Include="02. GameObject\01. For_Stage\10. EcoObject\Harmless">
      <UniqueIdentifier>{f591e478-1da9-46a9-8780-bb2d726cfb2c}</UniqueIdentifier>
    </Filter>
    <Filter Include="02. GameObject\01. For_Stage\10. EcoObject\Harmless\04. Jam">
      <UniqueIdentifier>{4bfbd67f-b2a0-4a2c-871c-1d978053d351}</UniqueIdentifier>
    </Filter>
    <Filter Include="02. GameObject\01. For_Stage\10. EcoObject\Harmless\00. Stone">
      <UniqueIdentifier>{a89b5ba4-f6ce-4dd9-9724-abca813b1aa4}</UniqueIdentifier>
    </Filter>
    <Filter Include="02. GameObject\01. For_Stage\10. EcoObject\Harmless\01. Grass">
      <UniqueIdentifier>{cc5db7df-2558-4913-a296-f2c26fed52b8}</UniqueIdentifier>
    </Filter>
    <Filter Include="02. GameObject\01. For_Stage\10. EcoObject\Harmless\02. Tree">
      <UniqueIdentifier>{a66897d4-b917-4d24-83c8-a1537f068ff0}</UniqueIdentifier>
    </Filter>
    <Filter Include="02. GameObject\01. For_Stage\10. EcoObject\Harmless\03. Jar">
      <UniqueIdentifier>{38e6048f-fc54-41f8-b06f-7d9a3c76b3c4}</UniqueIdentifier>
    </Filter>
    <Filter Include="02. GameObject\01. For_Stage\10. EcoObject\Trap">
      <UniqueIdentifier>{6c17df79-ee94-4bfb-81c6-185fdbf2556b}</UniqueIdentifier>
    </Filter>
    <Filter Include="02. GameObject\01. For_Stage\10. EcoObject\Trick">
      <UniqueIdentifier>{1415d2ec-3a18-4d9e-a898-008772ce8fa3}</UniqueIdentifier>
    </Filter>
    <Filter Include="02. GameObject\01. For_Stage\10. EcoObject\Bonfire">
      <UniqueIdentifier>{5dd7e48e-0fc0-432a-8341-664198550958}</UniqueIdentifier>
    </Filter>
    <Filter Include="97. Manager">
      <UniqueIdentifier>{99117cfd-19f6-4c2b-bf10-7a88c66cc98f}</UniqueIdentifier>
    </Filter>
    <Filter Include="02. GameObject\01. For_Stage\09. NPC\01. Dog">
      <UniqueIdentifier>{fdf7a437-d8f0-44fd-aff6-9776c096b308}</UniqueIdentifier>
    </Filter>
    <Filter Include="02. GameObject\01. For_Stage\09. NPC\02. GrandFather">
      <UniqueIdentifier>{9dd2a5c8-5af6-4571-800a-b44c345cf790}</UniqueIdentifier>
    </Filter>
    <Filter Include="02. GameObject\01. For_Stage\09. NPC\03. GuitarMan">
      <UniqueIdentifier>{64b1f1dc-5b43-4df4-b85a-ca178f18cbc8}</UniqueIdentifier>
    </Filter>
    <Filter Include="02. GameObject\01. For_Stage\09. NPC\04. HoodMan">
      <UniqueIdentifier>{eb93b291-017a-433b-95f0-24f8bcff9ce2}</UniqueIdentifier>
    </Filter>
    <Filter Include="02. GameObject\01. For_Stage\09. NPC\05. SmileMan">
      <UniqueIdentifier>{ce6c1cbb-d9dc-49e6-8254-79a480d917ff}</UniqueIdentifier>
    </Filter>
    <Filter Include="02. GameObject\01. For_Stage\09. NPC\06. WinkMan">
      <UniqueIdentifier>{0e134f05-7d6f-4bcf-a278-72cb98337f80}</UniqueIdentifier>
    </Filter>
    <Filter Include="02. GameObject\01. For_Stage\09. NPC\00. Manager">
      <UniqueIdentifier>{943e564a-55e4-4011-a658-eb4d235532fa}</UniqueIdentifier>
    </Filter>
    <Filter Include="02. GameObject\01. For_Stage\99. UI\01. HealthBar">
      <UniqueIdentifier>{2c46c06b-f831-4e12-a7db-0af35d00b7f6}</UniqueIdentifier>
    </Filter>
    <Filter Include="02. GameObject\01. For_Stage\99. UI\01. HealthBar\00. HPGuage">
      <UniqueIdentifier>{3b436b7b-4dc2-4892-b408-ed264f71f6ea}</UniqueIdentifier>
    </Filter>
    <Filter Include="02. GameObject\01. For_Stage\99. UI\02. QuickSlot">
      <UniqueIdentifier>{b3af3aed-9c25-4989-bd32-817c324163ee}</UniqueIdentifier>
    </Filter>
    <Filter Include="02. GameObject\01. For_Stage\99. UI\03. Inventory">
      <UniqueIdentifier>{b56b08a5-9d99-46e0-b416-efa83ef3cda5}</UniqueIdentifier>
    </Filter>
    <Filter Include="02. GameObject\01. For_Stage\99. UI\04. EquipWindow">
      <UniqueIdentifier>{cd74d213-132b-40a3-bc5d-ca800781f4e3}</UniqueIdentifier>
    </Filter>
    <Filter Include="02. GameObject\01. For_Stage\99. UI\05. TalkWindow">
      <UniqueIdentifier>{d82f777e-f28d-4ebb-820a-d05174a7b27d}</UniqueIdentifier>
    </Filter>
    <Filter Include="02. GameObject\01. For_Stage\99. UI\06. CrossHair">
      <UniqueIdentifier>{8b76c546-8740-4382-8339-a260941f8583}</UniqueIdentifier>
    </Filter>
    <Filter Include="02. GameObject\01. For_Stage\99. UI\07. Map">
      <UniqueIdentifier>{bf3b0050-192f-4082-96d8-2e038e1d5adc}</UniqueIdentifier>
    </Filter>
    <Filter Include="02. GameObject\01. For_Stage\99. UI\08. MiniMap">
      <UniqueIdentifier>{15a9784d-142f-4831-97d4-2aeb67c7edad}</UniqueIdentifier>
    </Filter>
    <Filter Include="02. GameObject\01. For_Stage\99. UI\08. MiniMap\Icon">
      <UniqueIdentifier>{424aea31-d71b-43a1-b988-ff83081e05cf}</UniqueIdentifier>
    </Filter>
    <Filter Include="02. GameObject\01. For_Stage\99. UI\00. Manager">
      <UniqueIdentifier>{d0b8c2b9-44d3-421d-9a96-5ed255dc04df}</UniqueIdentifier>
    </Filter>
    <Filter Include="02. GameObject\01. For_Stage\07. Bullet\Manager">
      <UniqueIdentifier>{ddb1d0bd-3536-442c-880a-032c94a7112c}</UniqueIdentifier>
    </Filter>
    <Filter Include="02. GameObject\01. For_Stage\06. Item\01. Weapon\Bomb">
      <UniqueIdentifier>{a59967ba-d81c-4570-8ce0-6be49f1f5b80}</UniqueIdentifier>
    </Filter>
    <Filter Include="02. GameObject\01. For_Stage\07. Bullet\01. Monster\01. SongBoss\02. Floor">
      <UniqueIdentifier>{52579f46-3a14-4f77-a0e3-7aae88fcc4f4}</UniqueIdentifier>
    </Filter>
    <Filter Include="02. GameObject\01. For_Stage\07. Bullet\01. Monster\01. SongBoss\03. FloorLightning">
      <UniqueIdentifier>{3eda695c-0b16-4c7b-897b-0ed950fb8209}</UniqueIdentifier>
    </Filter>
    <Filter Include="02. GameObject\01. For_Stage\10. EcoObject\Harmless\Web">
      <UniqueIdentifier>{953ed2cd-feda-40c7-918b-a4253371383e}</UniqueIdentifier>
    </Filter>
    <Filter Include="02. GameObject\01. For_Stage\10. EcoObject\Harmless\Mushroom">
      <UniqueIdentifier>{ce485030-4df6-4f9c-ad19-172147a99dea}</UniqueIdentifier>
    </Filter>
    <Filter Include="02. GameObject\01. For_Stage\10. EcoObject\Harmless\Statue">
      <UniqueIdentifier>{7011be98-4505-403f-8f0d-657630c5b1a2}</UniqueIdentifier>
    </Filter>
    <Filter Include="02. GameObject\01. For_Stage\10. EcoObject\Harmless\LongTorch">
      <UniqueIdentifier>{f761f818-228f-4abe-80d4-fee47e2a8668}</UniqueIdentifier>
    </Filter>
    <Filter Include="02. GameObject\01. For_Stage\10. EcoObject\Harmless\ShortTorch">
      <UniqueIdentifier>{f29b58bb-b862-4cc0-9e30-eabe9bc5f223}</UniqueIdentifier>
    </Filter>
    <Filter Include="02. GameObject\01. For_Stage\02. Monster\09. GreenSpider">
      <UniqueIdentifier>{b5f55daf-f09b-4484-a8e9-8d7558638748}</UniqueIdentifier>
    </Filter>
    <Filter Include="02. GameObject\01. For_Stage\07. Bullet\01. Monster\03. GreenSpider">
      <UniqueIdentifier>{266d7c27-f214-4fe2-b459-cb2129fae616}</UniqueIdentifier>
    </Filter>
    <Filter Include="02. GameObject\01. For_Stage\99. UI\09. SpiderBackGround">
      <UniqueIdentifier>{cc1ac141-c8c0-41e4-a35c-d1f2c8c469e3}</UniqueIdentifier>
    </Filter>
    <Filter Include="02. GameObject\01. For_Stage\07. Bullet\01. Monster\01. SongBoss\01. Stun">
      <UniqueIdentifier>{3add4dec-7927-4f11-95c8-cfaa6dfd1461}</UniqueIdentifier>
    </Filter>
    <Filter Include="02. GameObject\01. For_Stage\99. UI\10. PlayerInfo">
      <UniqueIdentifier>{16cda3fb-6d69-4440-a7fb-44bd6b888503}</UniqueIdentifier>
    </Filter>
    <Filter Include="02. GameObject\01. For_Stage\10. EcoObject\Trap\RockFall">
      <UniqueIdentifier>{2f99c98f-cada-440a-88ae-48f4d9aa2de8}</UniqueIdentifier>
    </Filter>
    <Filter Include="02. GameObject\01. For_Stage\10. EcoObject\Trap\KnifeTrap">
      <UniqueIdentifier>{8103a46a-64df-4703-a32a-b39bd0ea0996}</UniqueIdentifier>
    </Filter>
    <Filter Include="02. GameObject\01. For_Stage\02. Monster\10. Mimic">
      <UniqueIdentifier>{1e21f335-49a3-4997-90ef-ea9ab086d90c}</UniqueIdentifier>
    </Filter>
    <Filter Include="02. GameObject\01. For_Stage\06. Item\01. Weapon\GreenWand">
      <UniqueIdentifier>{80a240a6-7b01-493c-9483-ef56b87329a3}</UniqueIdentifier>
    </Filter>
    <Filter Include="02. GameObject\01. For_Stage\04. LeftHand">
      <UniqueIdentifier>{e2f53283-eb85-46d4-9ff6-31eea0fd5b16}</UniqueIdentifier>
    </Filter>
    <Filter Include="02. GameObject\01. For_Stage\05. InvImage">
      <UniqueIdentifier>{0e4bafe4-b250-4dd8-aa8f-a7f1a45768f0}</UniqueIdentifier>
    </Filter>
    <Filter Include="02. GameObject\01. For_Stage\06. Key">
      <UniqueIdentifier>{1c70b412-950f-44b2-9f5e-411121e8263a}</UniqueIdentifier>
    </Filter>
    <Filter Include="02. GameObject\01. For_Stage\09. Food">
      <UniqueIdentifier>{3855446b-b5da-4a2f-bcfd-d6dbd4ab14d5}</UniqueIdentifier>
    </Filter>
    <Filter Include="02. GameObject\01. For_Stage\06. Item\01. Weapon\RedWand">
      <UniqueIdentifier>{6a72a823-9e7c-42e8-95f3-a55b11e3b42e}</UniqueIdentifier>
    </Filter>
    <Filter Include="02. GameObject\01. For_Stage\01. Player\Cat">
      <UniqueIdentifier>{ea4f19a8-eb51-4954-8513-d067370e98d1}</UniqueIdentifier>
    </Filter>
    <Filter Include="02. GameObject\01. For_Stage\07. Bullet\00. Player\Arrow">
      <UniqueIdentifier>{a80ebb61-891e-4aa0-9fc0-79fb92f62074}</UniqueIdentifier>
    </Filter>
    <Filter Include="02. GameObject\01. For_Stage\07. Bullet\00. Player\Explode">
      <UniqueIdentifier>{e3c4df16-95be-4046-97d8-cec5c8142f68}</UniqueIdentifier>
    </Filter>
    <Filter Include="02. GameObject\01. For_Stage\07. Bullet\00. Player\Green">
      <UniqueIdentifier>{7be85d4a-beb3-45fa-909b-3857cb1477b0}</UniqueIdentifier>
    </Filter>
    <Filter Include="02. GameObject\01. For_Stage\07. Bullet\00. Player\Pink">
      <UniqueIdentifier>{7a2114ad-47d8-4412-9bf1-a23cd912e208}</UniqueIdentifier>
    </Filter>
    <Filter Include="02. GameObject\01. For_Stage\07. Bullet\00. Player\Red">
      <UniqueIdentifier>{53d49cc3-d1b5-4eb3-a5ab-5251f05e4267}</UniqueIdentifier>
    </Filter>
    <Filter Include="02. GameObject\01. For_Stage\99. UI\12. Shop">
      <UniqueIdentifier>{d33e68e9-d6a4-4a04-ab26-7db2596cf099}</UniqueIdentifier>
    </Filter>
    <Filter Include="02. GameObject\01. For_Stage\99. UI\13. Button">
      <UniqueIdentifier>{77c94f03-3f20-4811-b09b-e7ccaa86ebaa}</UniqueIdentifier>
    </Filter>
    <Filter Include="02. GameObject\01. For_Stage\06. Item\02. Potion">
      <UniqueIdentifier>{ec9c8099-79a2-465a-a1f5-704697f0ff81}</UniqueIdentifier>
    </Filter>
    <Filter Include="02. GameObject\01. For_Stage\06. Item\03. Equipment">
      <UniqueIdentifier>{325a6f15-9fb1-4333-9660-7d50586dbfc9}</UniqueIdentifier>
    </Filter>
    <Filter Include="02. GameObject\01. For_Stage\02. Monster\11. Octopus">
      <UniqueIdentifier>{55da7d5b-7f93-4482-a200-c03b130a0e38}</UniqueIdentifier>
    </Filter>
    <Filter Include="02. GameObject\01. For_Stage\11. Gold">
      <UniqueIdentifier>{5176b027-0729-4756-a856-e84fa32c835b}</UniqueIdentifier>
    </Filter>
    <Filter Include="02. GameObject\01. For_Stage\06. Item\03. Equipment\Armor">
      <UniqueIdentifier>{5a0d528a-36bd-4e4f-9039-8b82c8fd15e4}</UniqueIdentifier>
    </Filter>
    <Filter Include="02. GameObject\01. For_Stage\06. Item\03. Equipment\Helmet">
      <UniqueIdentifier>{e1d5e7de-ac0d-4f96-b93b-7df3c4c9eef8}</UniqueIdentifier>
    </Filter>
    <Filter Include="02. GameObject\01. For_Stage\06. Item\03. Equipment\Pants">
      <UniqueIdentifier>{183be2ad-1f55-4db3-97ca-80ec85d9442c}</UniqueIdentifier>
    </Filter>
    <Filter Include="02. GameObject\01. For_Stage\06. Item\03. Equipment\Ring">
      <UniqueIdentifier>{16a55630-e4d7-4646-b162-27864ab57b06}</UniqueIdentifier>
    </Filter>
    <Filter Include="02. GameObject\01. For_Stage\06. Item\03. Equipment\Necklace">
      <UniqueIdentifier>{5d7a84c5-76f9-4763-a4e2-e08e0d93e29a}</UniqueIdentifier>
    </Filter>
    <Filter Include="02. GameObject\01. For_Stage\06. Item\03. Equipment\LeftHand">
      <UniqueIdentifier>{55b30218-dbb7-400b-9dc0-1b9215d49199}</UniqueIdentifier>
    </Filter>
    <Filter Include="02. GameObject\01. For_Stage\06. Item\03. Equipment\Shield">
      <UniqueIdentifier>{417ab719-2141-4004-9e9e-3ada34cd58bf}</UniqueIdentifier>
    </Filter>
    <Filter Include="02. GameObject\01. For_Stage\06. Item\03. Equipment\Lantern">
      <UniqueIdentifier>{5cc18c69-bf15-4311-a29c-79692f26c707}</UniqueIdentifier>
    </Filter>
    <Filter Include="01. Scene\02. Intro">
      <UniqueIdentifier>{8ecd3665-c5b6-4723-a5c2-18a0a0a80696}</UniqueIdentifier>
    </Filter>
    <Filter Include="01. Scene\03. WaterFall">
      <UniqueIdentifier>{515174c3-267e-4efc-a6a6-2cc2bdc2ac50}</UniqueIdentifier>
    </Filter>
    <Filter Include="01. Scene\99. Loading\00. Loading Scene">
      <UniqueIdentifier>{7de395d8-cefa-4253-82fc-349554d8dcd4}</UniqueIdentifier>
    </Filter>
    <Filter Include="02. GameObject\03. For_Loading">
      <UniqueIdentifier>{a73a7655-38c0-4ced-844f-d1b599023b54}</UniqueIdentifier>
    </Filter>
    <Filter Include="02. GameObject\03. For_Loading\Loading_BG">
      <UniqueIdentifier>{546d85a5-f7db-47e3-b2e1-21f73f5c9b9c}</UniqueIdentifier>
    </Filter>
    <Filter Include="02. GameObject\01. For_Stage\10. EcoObject\Harmless\TreasureBox">
      <UniqueIdentifier>{499376c3-fa91-4027-b8b3-4afe6a1b96b0}</UniqueIdentifier>
    </Filter>
    <Filter Include="02. GameObject\01. For_Stage\10. EcoObject\Harmless\Door">
      <UniqueIdentifier>{a272b666-e124-4214-a776-04e4044031ec}</UniqueIdentifier>
    </Filter>
    <Filter Include="02. GameObject\01. For_Stage\02. Monster\JellyfishBoss">
      <UniqueIdentifier>{279bd719-dc13-47f5-b354-8d2bd6fbde38}</UniqueIdentifier>
    </Filter>
    <Filter Include="02. GameObject\01. For_Stage\99. UI\11. HungerUI">
      <UniqueIdentifier>{c431b304-53e0-42d8-be5e-44c4caac5898}</UniqueIdentifier>
    </Filter>
  </ItemGroup>
  <ItemGroup>
    <ClInclude Include="stdafx.h">
      <Filter>99. Default\헤더 파일</Filter>
    </ClInclude>
    <ClInclude Include="targetver.h">
      <Filter>99. Default\헤더 파일</Filter>
    </ClInclude>
    <ClInclude Include="Resource.h">
      <Filter>99. Default\헤더 파일</Filter>
    </ClInclude>
    <ClInclude Include="Client.h">
      <Filter>99. Default\헤더 파일</Filter>
    </ClInclude>
    <ClInclude Include="..\Header\MainApp.h">
      <Filter>00. MainApp</Filter>
    </ClInclude>
    <ClInclude Include="..\Header\Logo.h">
      <Filter>01. Scene\00. Logo</Filter>
    </ClInclude>
    <ClInclude Include="..\Header\BackGround.h">
      <Filter>02. GameObject\00. For_Logo\00. BackGround</Filter>
    </ClInclude>
    <ClInclude Include="..\Header\Stage.h">
      <Filter>01. Scene\01. Stage</Filter>
    </ClInclude>
    <ClInclude Include="..\Header\Loading.h">
      <Filter>01. Scene\99. Loading</Filter>
    </ClInclude>
    <ClInclude Include="..\Header\Terrain.h">
      <Filter>02. GameObject\01. For_Stage\03. Terrain</Filter>
    </ClInclude>
    <ClInclude Include="..\Header\DynamicCamera.h">
      <Filter>02. GameObject\02. For_Public\00. DynamicCamera</Filter>
    </ClInclude>
    <ClInclude Include="..\Header\StaticCamera.h">
      <Filter>02. GameObject\02. For_Public\01. StaticCamera</Filter>
    </ClInclude>
    <ClInclude Include="..\Header\SkyBox.h">
      <Filter>02. GameObject\01. For_Stage\04. SkyBox</Filter>
    </ClInclude>
    <ClInclude Include="..\Header\Effect.h">
      <Filter>02. GameObject\01. For_Stage\05. Effect</Filter>
    </ClInclude>
    <ClInclude Include="ImGui\dirent.h">
      <Filter>99. Default\ImGui\Header</Filter>
    </ClInclude>
    <ClInclude Include="ImGui\GraphEditor.h">
      <Filter>99. Default\ImGui\Header</Filter>
    </ClInclude>
    <ClInclude Include="ImGui\imconfig.h">
      <Filter>99. Default\ImGui\Header</Filter>
    </ClInclude>
    <ClInclude Include="ImGui\ImGradient.h">
      <Filter>99. Default\ImGui\Header</Filter>
    </ClInclude>
    <ClInclude Include="ImGui\ImCurveEdit.h">
      <Filter>99. Default\ImGui\Header</Filter>
    </ClInclude>
    <ClInclude Include="ImGui\imgui.h">
      <Filter>99. Default\ImGui\Header</Filter>
    </ClInclude>
    <ClInclude Include="ImGui\imgui_impl_dx9.h">
      <Filter>99. Default\ImGui\Header</Filter>
    </ClInclude>
    <ClInclude Include="ImGui\imgui_impl_win32.h">
      <Filter>99. Default\ImGui\Header</Filter>
    </ClInclude>
    <ClInclude Include="ImGui\imgui_internal.h">
      <Filter>99. Default\ImGui\Header</Filter>
    </ClInclude>
    <ClInclude Include="ImGui\ImGuiFileDialog.h">
      <Filter>99. Default\ImGui\Header</Filter>
    </ClInclude>
    <ClInclude Include="ImGui\ImGuizmo.h">
      <Filter>99. Default\ImGui\Header</Filter>
    </ClInclude>
    <ClInclude Include="ImGui\ImGuiFileDialogConfig.h">
      <Filter>99. Default\ImGui\Header</Filter>
    </ClInclude>
    <ClInclude Include="ImGui\ImSequencer.h">
      <Filter>99. Default\ImGui\Header</Filter>
    </ClInclude>
    <ClInclude Include="ImGui\imstb_rectpack.h">
      <Filter>99. Default\ImGui\Header</Filter>
    </ClInclude>
    <ClInclude Include="ImGui\imstb_textedit.h">
      <Filter>99. Default\ImGui\Header</Filter>
    </ClInclude>
    <ClInclude Include="ImGui\imstb_truetype.h">
      <Filter>99. Default\ImGui\Header</Filter>
    </ClInclude>
    <ClInclude Include="ImGui\ImZoomSlider.h">
      <Filter>99. Default\ImGui\Header</Filter>
    </ClInclude>
    <ClInclude Include="..\Header\ImGuiMgr.h">
      <Filter>98. ImGui</Filter>
    </ClInclude>
    <ClInclude Include="..\Header\Block.h">
      <Filter>02. GameObject\01. For_Stage\08. Block</Filter>
    </ClInclude>
    <ClInclude Include="..\Header\Player.h">
      <Filter>02. GameObject\01. For_Stage\01. Player</Filter>
    </ClInclude>
    <ClInclude Include="..\Header\GreenSlime.h">
      <Filter>02. GameObject\01. For_Stage\02. Monster\01. GreenSlime</Filter>
    </ClInclude>
    <ClInclude Include="..\Header\PinkSlime.h">
      <Filter>02. GameObject\01. For_Stage\02. Monster\02. PinkSlime</Filter>
    </ClInclude>
    <ClInclude Include="..\Header\Fist.h">
      <Filter>02. GameObject\01. For_Stage\02. Monster\03. Fist</Filter>
    </ClInclude>
    <ClInclude Include="..\Header\HealthBar.h">
      <Filter>02. GameObject\01. For_Stage\99. UI\01. HealthBar</Filter>
    </ClInclude>
    <ClInclude Include="..\Header\Tool_Scene.h">
      <Filter>01. Scene\98. Tool_Scene</Filter>
    </ClInclude>
    <ClInclude Include="..\Header\MapTool.h">
      <Filter>01. Scene\98. Tool_Scene\MapTool</Filter>
    </ClInclude>
    <ClInclude Include="..\Header\PSystem.h">
      <Filter>02. GameObject\02. For_Public\03. Particle</Filter>
    </ClInclude>
    <ClInclude Include="..\Header\UserParticle.h">
      <Filter>02. GameObject\02. For_Public\03. Particle\99. UserParticle</Filter>
    </ClInclude>
    <ClInclude Include="..\Header\ParticleTool.h">
      <Filter>01. Scene\98. Tool_Scene\ParticleTool</Filter>
    </ClInclude>
    <ClInclude Include="..\Header\BlueBat.h">
      <Filter>02. GameObject\01. For_Stage\02. Monster\04. BlueBat</Filter>
    </ClInclude>
    <ClInclude Include="..\Header\HPGauge.h">
      <Filter>02. GameObject\01. For_Stage\99. UI\01. HealthBar\00. HPGuage</Filter>
    </ClInclude>
    <ClInclude Include="..\Header\QuickSlot.h">
      <Filter>02. GameObject\01. For_Stage\99. UI\02. QuickSlot</Filter>
    </ClInclude>
    <ClInclude Include="..\Header\Inventory.h">
      <Filter>02. GameObject\01. For_Stage\99. UI\03. Inventory</Filter>
    </ClInclude>
    <ClInclude Include="..\Header\EquipWindow.h">
      <Filter>02. GameObject\01. For_Stage\99. UI\04. EquipWindow</Filter>
    </ClInclude>
    <ClInclude Include="..\Header\Dog.h">
      <Filter>02. GameObject\01. For_Stage\09. NPC\01. Dog</Filter>
    </ClInclude>
    <ClInclude Include="..\Header\GrandFather.h">
      <Filter>02. GameObject\01. For_Stage\09. NPC\02. GrandFather</Filter>
    </ClInclude>
    <ClInclude Include="..\Header\TalkWindow.h">
      <Filter>02. GameObject\01. For_Stage\99. UI\05. TalkWindow</Filter>
    </ClInclude>
    <ClInclude Include="..\Header\GuitarMan.h">
      <Filter>02. GameObject\01. For_Stage\09. NPC\03. GuitarMan</Filter>
    </ClInclude>
    <ClInclude Include="..\Header\BrownBat.h">
      <Filter>02. GameObject\01. For_Stage\02. Monster\05. BrownBat</Filter>
    </ClInclude>
    <ClInclude Include="..\Header\HoodMan.h">
      <Filter>02. GameObject\01. For_Stage\09. NPC\04. HoodMan</Filter>
    </ClInclude>
    <ClInclude Include="..\Header\SmileMan.h">
      <Filter>02. GameObject\01. For_Stage\09. NPC\05. SmileMan</Filter>
    </ClInclude>
    <ClInclude Include="..\Header\WinkMan.h">
      <Filter>02. GameObject\01. For_Stage\09. NPC\06. WinkMan</Filter>
    </ClInclude>
    <ClInclude Include="..\Header\FontLogo.h">
      <Filter>02. GameObject\00. For_Logo\01. FontLogo</Filter>
    </ClInclude>
    <ClInclude Include="..\Header\FontStart.h">
      <Filter>02. GameObject\00. For_Logo\02. FontStart</Filter>
    </ClInclude>
    <ClInclude Include="..\Header\MapUI.h">
      <Filter>02. GameObject\01. For_Stage\99. UI\07. Map</Filter>
    </ClInclude>
    <ClInclude Include="..\Header\SongBoss.h">
      <Filter>02. GameObject\01. For_Stage\02. Monster\98. SongBoss</Filter>
    </ClInclude>
    <ClInclude Include="..\Header\BulletMgr.h">
      <Filter>02. GameObject\01. For_Stage\07. Bullet\Manager</Filter>
    </ClInclude>
    <ClInclude Include="..\Header\Wand.h">
      <Filter>02. GameObject\01. For_Stage\06. Item\01. Weapon\Wand</Filter>
    </ClInclude>
    <ClInclude Include="..\Header\Arrow.h">
      <Filter>02. GameObject\01. For_Stage\06. Item\01. Weapon\Arrow</Filter>
    </ClInclude>
    <ClInclude Include="..\Header\InvImg.h">
      <Filter>02. GameObject\01. For_Stage\05. InvImage</Filter>
    </ClInclude>
    <ClInclude Include="..\Header\ItemMgr.h">
      <Filter>02. GameObject\01. For_Stage\06. Item\00. Manager</Filter>
    </ClInclude>
    <ClInclude Include="..\Header\Stick.h">
      <Filter>02. GameObject\01. For_Stage\02. Monster\06. Stick</Filter>
    </ClInclude>
    <ClInclude Include="..\Header\Leaf.h">
      <Filter>02. GameObject\01. For_Stage\02. Monster\07. Leaf</Filter>
    </ClInclude>
    <ClInclude Include="..\Header\ParticleMgr.h">
      <Filter>02. GameObject\02. For_Public\03. Particle\Manager</Filter>
    </ClInclude>
    <ClInclude Include="..\Header\LeafBullet.h">
      <Filter>02. GameObject\01. For_Stage\07. Bullet\01. Monster\02. Leaf</Filter>
    </ClInclude>
    <ClInclude Include="..\Header\FistBullet.h">
      <Filter>02. GameObject\01. For_Stage\07. Bullet\01. Monster\00. Fist</Filter>
    </ClInclude>
    <ClInclude Include="..\Header\SongBossStun.h">
      <Filter>02. GameObject\01. For_Stage\07. Bullet\01. Monster\01. SongBoss\01. Stun</Filter>
    </ClInclude>
    <ClInclude Include="..\Header\SongBossFloor.h">
      <Filter>02. GameObject\01. For_Stage\07. Bullet\01. Monster\01. SongBoss\02. Floor</Filter>
    </ClInclude>
    <ClInclude Include="..\Header\InfoTool.h">
      <Filter>01. Scene\98. Tool_Scene\InfoTool</Filter>
    </ClInclude>
    <ClInclude Include="..\Header\SkeletonGhost.h">
      <Filter>02. GameObject\01. For_Stage\02. Monster\08. SkeletonGhost</Filter>
    </ClInclude>
    <ClInclude Include="..\Header\MiniMap.h">
      <Filter>02. GameObject\01. For_Stage\99. UI\08. MiniMap</Filter>
    </ClInclude>
    <ClInclude Include="..\Header\Icon.h">
      <Filter>02. GameObject\01. For_Stage\99. UI\08. MiniMap\Icon</Filter>
    </ClInclude>
    <ClInclude Include="..\Header\ObjectTool.h">
      <Filter>01. Scene\98. Tool_Scene\ObjectTool</Filter>
    </ClInclude>
    <ClInclude Include="..\Header\EcoObject.h">
      <Filter>02. GameObject\01. For_Stage\10. EcoObject</Filter>
    </ClInclude>
    <ClInclude Include="..\Header\Jar.h">
      <Filter>02. GameObject\01. For_Stage\10. EcoObject\Harmless\03. Jar</Filter>
    </ClInclude>
    <ClInclude Include="..\Header\Dagger.h">
      <Filter>02. GameObject\01. For_Stage\06. Item\01. Weapon\Dagger</Filter>
    </ClInclude>
    <ClInclude Include="..\Header\Potion.h">
      <Filter>02. GameObject\01. For_Stage\06. Item\02. Potion</Filter>
    </ClInclude>
    <ClInclude Include="..\Header\Stone.h">
      <Filter>02. GameObject\01. For_Stage\10. EcoObject\Harmless\00. Stone</Filter>
    </ClInclude>
    <ClInclude Include="..\Header\Grass.h">
      <Filter>02. GameObject\01. For_Stage\10. EcoObject\Harmless\01. Grass</Filter>
    </ClInclude>
    <ClInclude Include="..\Header\Tree.h">
      <Filter>02. GameObject\01. For_Stage\10. EcoObject\Harmless\02. Tree</Filter>
    </ClInclude>
    <ClInclude Include="..\Header\ObjectCamera.h">
      <Filter>02. GameObject\02. For_Public\02. ObjectCamera</Filter>
    </ClInclude>
    <ClInclude Include="..\Header\Key.h">
      <Filter>02. GameObject\01. For_Stage\06. Key</Filter>
    </ClInclude>
    <ClInclude Include="..\Header\Lantern.h">
      <Filter>02. GameObject\01. For_Stage\06. Item\03. Equipment\Lantern</Filter>
    </ClInclude>
    <ClInclude Include="..\Header\Shield.h">
      <Filter>02. GameObject\01. For_Stage\06. Item\03. Equipment\Shield</Filter>
    </ClInclude>
    <ClInclude Include="..\Header\CameraMgr.h">
      <Filter>02. GameObject\02. For_Public</Filter>
    </ClInclude>
    <ClInclude Include="..\Header\BlockVIBuffer.h">
      <Filter>02. GameObject\02. For_Public\04. BlockBuffer</Filter>
    </ClInclude>
    <ClInclude Include="..\Header\BonFire.h">
      <Filter>02. GameObject\01. For_Stage\10. EcoObject\Bonfire</Filter>
    </ClInclude>
    <ClInclude Include="..\Header\MonsterMgr.h">
      <Filter>02. GameObject\01. For_Stage\02. Monster\00. Manager</Filter>
    </ClInclude>
    <ClInclude Include="..\Header\NPCMgr.h">
      <Filter>02. GameObject\01. For_Stage\09. NPC\00. Manager</Filter>
    </ClInclude>
    <ClInclude Include="..\Header\CrossHair.h">
      <Filter>02. GameObject\01. For_Stage\99. UI\06. CrossHair</Filter>
    </ClInclude>
    <ClInclude Include="..\Header\UIMgr.h">
      <Filter>02. GameObject\01. For_Stage\99. UI\00. Manager</Filter>
    </ClInclude>
    <ClInclude Include="..\Header\CullingMgr.h">
      <Filter>97. Manager</Filter>
    </ClInclude>
    <ClInclude Include="..\Header\Armor.h">
      <Filter>02. GameObject\01. For_Stage\06. Item\03. Equipment\Armor</Filter>
    </ClInclude>
    <ClInclude Include="..\Header\Equipment.h">
      <Filter>02. GameObject\01. For_Stage\06. Item\03. Equipment</Filter>
    </ClInclude>
    <ClInclude Include="..\Header\SongBossFloorLightning.h">
      <Filter>02. GameObject\01. For_Stage\07. Bullet\01. Monster\01. SongBoss\03. FloorLightning</Filter>
    </ClInclude>
    <ClInclude Include="..\Header\Jam.h">
      <Filter>02. GameObject\01. For_Stage\10. EcoObject\Harmless\04. Jam</Filter>
    </ClInclude>
    <ClInclude Include="..\Header\EcoWeb.h">
      <Filter>02. GameObject\01. For_Stage\10. EcoObject\Harmless\Web</Filter>
    </ClInclude>
    <ClInclude Include="..\Header\EcoMush.h">
      <Filter>02. GameObject\01. For_Stage\10. EcoObject\Harmless\Mushroom</Filter>
    </ClInclude>
    <ClInclude Include="..\Header\LongTorch.h">
      <Filter>02. GameObject\01. For_Stage\10. EcoObject\Harmless\LongTorch</Filter>
    </ClInclude>
    <ClInclude Include="..\Header\ShortTorch.h">
      <Filter>02. GameObject\01. For_Stage\10. EcoObject\Harmless\ShortTorch</Filter>
    </ClInclude>
    <ClInclude Include="..\Header\Statue.h">
      <Filter>02. GameObject\01. For_Stage\10. EcoObject\Harmless\Statue</Filter>
    </ClInclude>
    <ClInclude Include="..\Header\GreenSpider.h">
      <Filter>02. GameObject\01. For_Stage\02. Monster\09. GreenSpider</Filter>
    </ClInclude>
    <ClInclude Include="..\Header\GreenSpiderBullet.h">
      <Filter>02. GameObject\01. For_Stage\07. Bullet\01. Monster\03. GreenSpider</Filter>
    </ClInclude>
    <ClInclude Include="..\Header\SpiderBackGround.h">
      <Filter>02. GameObject\01. For_Stage\99. UI\09. SpiderBackGround</Filter>
    </ClInclude>
    <ClInclude Include="..\Header\Armor.h">
      <Filter>02. GameObject\01. For_Stage\06. Item\03. Equipment\Armor</Filter>
    </ClInclude>
    <ClInclude Include="..\Header\Helmat.h">
      <Filter>02. GameObject\01. For_Stage\06. Item\03. Equipment\Helmet</Filter>
    </ClInclude>
    <ClInclude Include="..\Header\Ring.h">
      <Filter>02. GameObject\01. For_Stage\06. Item\03. Equipment\Ring</Filter>
    </ClInclude>
    <ClInclude Include="..\Header\Pants.h">
      <Filter>02. GameObject\01. For_Stage\06. Item\03. Equipment\Pants</Filter>
    </ClInclude>
    <ClInclude Include="..\Header\Necklace.h">
      <Filter>02. GameObject\01. For_Stage\06. Item\03. Equipment\Necklace</Filter>
    </ClInclude>
    <ClInclude Include="..\Header\LeftHand.h">
      <Filter>02. GameObject\01. For_Stage\06. Item\03. Equipment\LeftHand</Filter>
    </ClInclude>
    <ClInclude Include="..\Header\PlayerInfo.h">
      <Filter>02. GameObject\01. For_Stage\99. UI\10. PlayerInfo</Filter>
    </ClInclude>
    <ClInclude Include="..\Header\HungerUI.h">
      <Filter>02. GameObject\01. For_Stage\99. UI\11. HungerUI</Filter>
    </ClInclude>
    <ClInclude Include="..\Header\Food.h">
      <Filter>02. GameObject\01. For_Stage\09. Food</Filter>
    </ClInclude>
    <ClInclude Include="..\Header\RockFall.h">
      <Filter>02. GameObject\01. For_Stage\10. EcoObject\Trap\RockFall</Filter>
    </ClInclude>
    <ClInclude Include="..\Header\Mimic.h">
      <Filter>02. GameObject\01. For_Stage\02. Monster\10. Mimic</Filter>
    </ClInclude>
    <ClInclude Include="..\Header\Water.h">
      <Filter>02. GameObject\01. For_Stage\03. Terrain</Filter>
    </ClInclude>
    <ClInclude Include="..\Header\GreenWand.h">
      <Filter>02. GameObject\01. For_Stage\06. Item\01. Weapon\GreenWand</Filter>
    </ClInclude>
    <ClInclude Include="..\Header\RedWand.h">
      <Filter>02. GameObject\01. For_Stage\06. Item\01. Weapon\RedWand</Filter>
    </ClInclude>
    <ClInclude Include="..\Header\ArrowBullet.h">
      <Filter>02. GameObject\01. For_Stage\07. Bullet\00. Player\Arrow</Filter>
    </ClInclude>
    <ClInclude Include="..\Header\ExplodeBullet.h">
      <Filter>02. GameObject\01. For_Stage\07. Bullet\00. Player\Explode</Filter>
    </ClInclude>
    <ClInclude Include="..\Header\GreenWandBullet.h">
      <Filter>02. GameObject\01. For_Stage\07. Bullet\00. Player\Green</Filter>
    </ClInclude>
    <ClInclude Include="..\Header\WandBullet.h">
      <Filter>02. GameObject\01. For_Stage\07. Bullet\00. Player\Pink</Filter>
    </ClInclude>
    <ClInclude Include="..\Header\RedWandBullet.h">
      <Filter>02. GameObject\01. For_Stage\07. Bullet\00. Player\Red</Filter>
    </ClInclude>
    <ClInclude Include="..\Header\Cat.h">
      <Filter>02. GameObject\01. For_Stage\01. Player\Cat</Filter>
    </ClInclude>
    <ClInclude Include="..\Header\Shop.h">
      <Filter>02. GameObject\01. For_Stage\99. UI\12. Shop</Filter>
    </ClInclude>
    <ClInclude Include="..\Header\MyButton.h">
      <Filter>02. GameObject\01. For_Stage\99. UI\13. Button</Filter>
    </ClInclude>
    <ClInclude Include="..\Header\Gold.h">
      <Filter>02. GameObject\01. For_Stage\11. Gold</Filter>
    </ClInclude>
    <ClInclude Include="..\Header\Intro.h">
      <Filter>01. Scene\02. Intro</Filter>
    </ClInclude>
    <ClInclude Include="..\Header\Loading_Scene.h">
      <Filter>01. Scene\99. Loading\00. Loading Scene</Filter>
    </ClInclude>
    <ClInclude Include="..\Header\Loading_BG.h">
      <Filter>02. GameObject\03. For_Loading\Loading_BG</Filter>
    </ClInclude>
    <ClInclude Include="..\Header\TreasureBox.h">
      <Filter>02. GameObject\01. For_Stage\10. EcoObject\Harmless\TreasureBox</Filter>
    </ClInclude>
    <ClInclude Include="..\Header\SongBossBullet.h">
      <Filter>02. GameObject\01. For_Stage\07. Bullet\01. Monster\01. SongBoss\00. Bullet</Filter>
    </ClInclude>
    <ClInclude Include="..\Header\Door.h">
      <Filter>02. GameObject\01. For_Stage\10. EcoObject\Harmless\Door</Filter>
    </ClInclude>
    <ClInclude Include="..\Header\KnifeTrap.h">
      <Filter>02. GameObject\01. For_Stage\10. EcoObject\Trap\KnifeTrap</Filter>
    </ClInclude>
    <ClInclude Include="..\Header\Jellyfish.h">
      <Filter>02. GameObject\01. For_Stage\02. Monster\JellyfishBoss</Filter>
    </ClInclude>
  </ItemGroup>
  <ItemGroup>
    <ClCompile Include="stdafx.cpp">
      <Filter>99. Default\소스 파일</Filter>
    </ClCompile>
    <ClCompile Include="Client.cpp">
      <Filter>99. Default\소스 파일</Filter>
    </ClCompile>
    <ClCompile Include="..\Code\MainApp.cpp">
      <Filter>00. MainApp</Filter>
    </ClCompile>
    <ClCompile Include="..\Code\Logo.cpp">
      <Filter>01. Scene\00. Logo</Filter>
    </ClCompile>
    <ClCompile Include="..\Code\BackGround.cpp">
      <Filter>02. GameObject\00. For_Logo\00. BackGround</Filter>
    </ClCompile>
    <ClCompile Include="..\Code\Stage.cpp">
      <Filter>01. Scene\01. Stage</Filter>
    </ClCompile>
    <ClCompile Include="..\Code\Loading.cpp">
      <Filter>01. Scene\99. Loading</Filter>
    </ClCompile>
    <ClCompile Include="..\Code\Terrain.cpp">
      <Filter>02. GameObject\01. For_Stage\03. Terrain</Filter>
    </ClCompile>
    <ClCompile Include="..\Code\DynamicCamera.cpp">
      <Filter>02. GameObject\02. For_Public\00. DynamicCamera</Filter>
    </ClCompile>
    <ClCompile Include="..\Code\StaticCamera.cpp">
      <Filter>02. GameObject\02. For_Public\01. StaticCamera</Filter>
    </ClCompile>
    <ClCompile Include="..\Code\SkyBox.cpp">
      <Filter>02. GameObject\01. For_Stage\04. SkyBox</Filter>
    </ClCompile>
    <ClCompile Include="..\Code\Effect.cpp">
      <Filter>02. GameObject\01. For_Stage\05. Effect</Filter>
    </ClCompile>
    <ClCompile Include="ImGui\GraphEditor.cpp">
      <Filter>99. Default\ImGui\Code</Filter>
    </ClCompile>
    <ClCompile Include="ImGui\ImCurveEdit.cpp">
      <Filter>99. Default\ImGui\Code</Filter>
    </ClCompile>
    <ClCompile Include="ImGui\ImGradient.cpp">
      <Filter>99. Default\ImGui\Code</Filter>
    </ClCompile>
    <ClCompile Include="ImGui\imgui.cpp">
      <Filter>99. Default\ImGui\Code</Filter>
    </ClCompile>
    <ClCompile Include="ImGui\imgui_demo.cpp">
      <Filter>99. Default\ImGui\Code</Filter>
    </ClCompile>
    <ClCompile Include="ImGui\imgui_draw.cpp">
      <Filter>99. Default\ImGui\Code</Filter>
    </ClCompile>
    <ClCompile Include="ImGui\imgui_impl_dx9.cpp">
      <Filter>99. Default\ImGui\Code</Filter>
    </ClCompile>
    <ClCompile Include="ImGui\imgui_impl_win32.cpp">
      <Filter>99. Default\ImGui\Code</Filter>
    </ClCompile>
    <ClCompile Include="ImGui\imgui_tables.cpp">
      <Filter>99. Default\ImGui\Code</Filter>
    </ClCompile>
    <ClCompile Include="ImGui\imgui_widgets.cpp">
      <Filter>99. Default\ImGui\Code</Filter>
    </ClCompile>
    <ClCompile Include="ImGui\ImGuiFileDialog.cpp">
      <Filter>99. Default\ImGui\Code</Filter>
    </ClCompile>
    <ClCompile Include="ImGui\ImGuizmo.cpp">
      <Filter>99. Default\ImGui\Code</Filter>
    </ClCompile>
    <ClCompile Include="ImGui\ImSequencer.cpp">
      <Filter>99. Default\ImGui\Code</Filter>
    </ClCompile>
    <ClCompile Include="..\Code\ImGuiMgr.cpp">
      <Filter>98. ImGui</Filter>
    </ClCompile>
    <ClCompile Include="..\Code\Block.cpp">
      <Filter>02. GameObject\01. For_Stage\08. Block</Filter>
    </ClCompile>
    <ClCompile Include="..\Code\Player.cpp">
      <Filter>02. GameObject\01. For_Stage\01. Player</Filter>
    </ClCompile>
    <ClCompile Include="..\Code\GreenSlime.cpp">
      <Filter>02. GameObject\01. For_Stage\02. Monster\01. GreenSlime</Filter>
    </ClCompile>
    <ClCompile Include="..\Code\PinkSlime.cpp">
      <Filter>02. GameObject\01. For_Stage\02. Monster\02. PinkSlime</Filter>
    </ClCompile>
    <ClCompile Include="..\Code\Fist.cpp">
      <Filter>02. GameObject\01. For_Stage\02. Monster\03. Fist</Filter>
    </ClCompile>
    <ClCompile Include="..\Code\HealthBar.cpp">
      <Filter>02. GameObject\01. For_Stage\99. UI\01. HealthBar</Filter>
    </ClCompile>
    <ClCompile Include="..\Code\Tool_Scene.cpp">
      <Filter>01. Scene\98. Tool_Scene</Filter>
    </ClCompile>
    <ClCompile Include="..\Code\MapTool.cpp">
      <Filter>01. Scene\98. Tool_Scene\MapTool</Filter>
    </ClCompile>
    <ClCompile Include="..\Code\PSystem.cpp">
      <Filter>02. GameObject\02. For_Public\03. Particle</Filter>
    </ClCompile>
    <ClCompile Include="..\Code\UserParticle.cpp">
      <Filter>02. GameObject\02. For_Public\03. Particle\99. UserParticle</Filter>
    </ClCompile>
    <ClCompile Include="..\Code\ParticleTool.cpp">
      <Filter>01. Scene\98. Tool_Scene\ParticleTool</Filter>
    </ClCompile>
    <ClCompile Include="..\Code\BlueBat.cpp">
      <Filter>02. GameObject\01. For_Stage\02. Monster\04. BlueBat</Filter>
    </ClCompile>
    <ClCompile Include="..\Code\HPGauge.cpp">
      <Filter>02. GameObject\01. For_Stage\99. UI\01. HealthBar\00. HPGuage</Filter>
    </ClCompile>
    <ClCompile Include="..\Code\QuickSlot.cpp">
      <Filter>02. GameObject\01. For_Stage\99. UI\02. QuickSlot</Filter>
    </ClCompile>
    <ClCompile Include="..\Code\Inventory.cpp">
      <Filter>02. GameObject\01. For_Stage\99. UI\03. Inventory</Filter>
    </ClCompile>
    <ClCompile Include="..\Code\EquipWindow.cpp">
      <Filter>02. GameObject\01. For_Stage\99. UI\04. EquipWindow</Filter>
    </ClCompile>
    <ClCompile Include="..\Code\Dog.cpp">
      <Filter>02. GameObject\01. For_Stage\09. NPC\01. Dog</Filter>
    </ClCompile>
    <ClCompile Include="..\Code\GrandFather.cpp">
      <Filter>02. GameObject\01. For_Stage\09. NPC\02. GrandFather</Filter>
    </ClCompile>
    <ClCompile Include="..\Code\TalkWindow.cpp">
      <Filter>02. GameObject\01. For_Stage\99. UI\05. TalkWindow</Filter>
    </ClCompile>
    <ClCompile Include="..\Code\GuitarMan.cpp">
      <Filter>02. GameObject\01. For_Stage\09. NPC\03. GuitarMan</Filter>
    </ClCompile>
    <ClCompile Include="..\Code\BrownBat.cpp">
      <Filter>02. GameObject\01. For_Stage\02. Monster\05. BrownBat</Filter>
    </ClCompile>
    <ClCompile Include="..\Code\HoodMan.cpp">
      <Filter>02. GameObject\01. For_Stage\09. NPC\04. HoodMan</Filter>
    </ClCompile>
    <ClCompile Include="..\Code\SmileMan.cpp">
      <Filter>02. GameObject\01. For_Stage\09. NPC\05. SmileMan</Filter>
    </ClCompile>
    <ClCompile Include="..\Code\WinkMan.cpp">
      <Filter>02. GameObject\01. For_Stage\09. NPC\06. WinkMan</Filter>
    </ClCompile>
    <ClCompile Include="..\Code\FontLogo.cpp">
      <Filter>02. GameObject\00. For_Logo\01. FontLogo</Filter>
    </ClCompile>
    <ClCompile Include="..\Code\FontStart.cpp">
      <Filter>02. GameObject\00. For_Logo\02. FontStart</Filter>
    </ClCompile>
    <ClCompile Include="..\Code\MapUI.cpp">
      <Filter>02. GameObject\01. For_Stage\99. UI\07. Map</Filter>
    </ClCompile>
    <ClCompile Include="..\Code\SongBossBullet.cpp">
      <Filter>02. GameObject\01. For_Stage\07. Bullet\01. Monster\01. SongBoss\00. Bullet</Filter>
    </ClCompile>
    <ClCompile Include="..\Code\SongBoss.cpp">
      <Filter>02. GameObject\01. For_Stage\02. Monster\98. SongBoss</Filter>
    </ClCompile>
    <ClCompile Include="..\Code\BulletMgr.cpp">
      <Filter>02. GameObject\01. For_Stage\07. Bullet\Manager</Filter>
    </ClCompile>
    <ClCompile Include="..\Code\Wand.cpp">
      <Filter>02. GameObject\01. For_Stage\06. Item\01. Weapon\Wand</Filter>
    </ClCompile>
    <ClCompile Include="..\Code\Arrow.cpp">
      <Filter>02. GameObject\01. For_Stage\06. Item\01. Weapon\Arrow</Filter>
    </ClCompile>
    <ClCompile Include="..\Code\InvImg.cpp">
      <Filter>02. GameObject\01. For_Stage\05. InvImage</Filter>
    </ClCompile>
    <ClCompile Include="..\Code\ItemMgr.cpp">
      <Filter>02. GameObject\01. For_Stage\06. Item\00. Manager</Filter>
    </ClCompile>
    <ClCompile Include="..\Code\Stick.cpp">
      <Filter>02. GameObject\01. For_Stage\02. Monster\06. Stick</Filter>
    </ClCompile>
    <ClCompile Include="..\Code\Leaf.cpp">
      <Filter>02. GameObject\01. For_Stage\02. Monster\07. Leaf</Filter>
    </ClCompile>
    <ClCompile Include="..\Code\ParticleMgr.cpp">
      <Filter>02. GameObject\02. For_Public\03. Particle\Manager</Filter>
    </ClCompile>
    <ClCompile Include="..\Code\LeafBullet.cpp">
      <Filter>02. GameObject\01. For_Stage\07. Bullet\01. Monster\02. Leaf</Filter>
    </ClCompile>
    <ClCompile Include="..\Code\SongBossStun.cpp">
      <Filter>02. GameObject\01. For_Stage\07. Bullet\01. Monster\01. SongBoss\01. Stun</Filter>
    </ClCompile>
    <ClCompile Include="..\Code\SongBossFloor.cpp">
      <Filter>02. GameObject\01. For_Stage\07. Bullet\01. Monster\01. SongBoss\02. Floor</Filter>
    </ClCompile>
    <ClCompile Include="..\Code\InfoTool.cpp">
      <Filter>01. Scene\98. Tool_Scene\InfoTool</Filter>
    </ClCompile>
    <ClCompile Include="..\Code\SkeletonGhost.cpp">
      <Filter>02. GameObject\01. For_Stage\02. Monster\08. SkeletonGhost</Filter>
    </ClCompile>
    <ClCompile Include="..\Code\MiniMap.cpp">
      <Filter>02. GameObject\01. For_Stage\99. UI\08. MiniMap</Filter>
    </ClCompile>
    <ClCompile Include="..\Code\Icon.cpp">
      <Filter>02. GameObject\01. For_Stage\99. UI\08. MiniMap\Icon</Filter>
    </ClCompile>
    <ClCompile Include="..\Code\ObjectTool.cpp">
      <Filter>01. Scene\98. Tool_Scene\ObjectTool</Filter>
    </ClCompile>
    <ClCompile Include="..\Code\EcoObject.cpp">
      <Filter>02. GameObject\01. For_Stage\10. EcoObject</Filter>
    </ClCompile>
    <ClCompile Include="..\Code\Jar.cpp">
      <Filter>02. GameObject\01. For_Stage\10. EcoObject\Harmless\03. Jar</Filter>
    </ClCompile>
    <ClCompile Include="..\Code\Dagger.cpp">
      <Filter>02. GameObject\01. For_Stage\06. Item\01. Weapon\Dagger</Filter>
    </ClCompile>
    <ClCompile Include="..\Code\Potion.cpp">
      <Filter>02. GameObject\01. For_Stage\06. Item\02. Potion</Filter>
    </ClCompile>
    <ClCompile Include="..\Code\Stone.cpp">
      <Filter>02. GameObject\01. For_Stage\10. EcoObject\Harmless\00. Stone</Filter>
    </ClCompile>
    <ClCompile Include="..\Code\Grass.cpp">
      <Filter>02. GameObject\01. For_Stage\10. EcoObject\Harmless\01. Grass</Filter>
    </ClCompile>
    <ClCompile Include="..\Code\Tree.cpp">
      <Filter>02. GameObject\01. For_Stage\10. EcoObject\Harmless\02. Tree</Filter>
    </ClCompile>
    <ClCompile Include="..\Code\ObjectCamera.cpp">
      <Filter>02. GameObject\02. For_Public\02. ObjectCamera</Filter>
    </ClCompile>
    <ClCompile Include="..\Code\Key.cpp">
      <Filter>02. GameObject\01. For_Stage\06. Key</Filter>
    </ClCompile>
    <ClCompile Include="..\Code\Lantern.cpp">
      <Filter>02. GameObject\01. For_Stage\06. Item\03. Equipment\Lantern</Filter>
    </ClCompile>
    <ClCompile Include="..\Code\Shield.cpp">
      <Filter>02. GameObject\01. For_Stage\06. Item\03. Equipment\Shield</Filter>
    </ClCompile>
    <ClCompile Include="..\Code\CameraMgr.cpp">
      <Filter>02. GameObject\02. For_Public</Filter>
    </ClCompile>
    <ClCompile Include="..\Code\BlockVIBuffer.cpp">
      <Filter>02. GameObject\02. For_Public\04. BlockBuffer</Filter>
    </ClCompile>
    <ClCompile Include="..\Code\BonFire.cpp">
      <Filter>02. GameObject\01. For_Stage\10. EcoObject\Bonfire</Filter>
    </ClCompile>
    <ClCompile Include="..\Code\MonsterMgr.cpp">
      <Filter>02. GameObject\01. For_Stage\02. Monster\00. Manager</Filter>
    </ClCompile>
    <ClCompile Include="..\Code\NPCMgr.cpp">
      <Filter>02. GameObject\01. For_Stage\09. NPC\00. Manager</Filter>
    </ClCompile>
    <ClCompile Include="..\Code\CrossHair.cpp">
      <Filter>02. GameObject\01. For_Stage\99. UI\06. CrossHair</Filter>
    </ClCompile>
    <ClCompile Include="..\Code\UIMgr.cpp">
      <Filter>02. GameObject\01. For_Stage\99. UI\00. Manager</Filter>
    </ClCompile>
    <ClCompile Include="..\Code\CullingMgr.cpp">
      <Filter>97. Manager</Filter>
    </ClCompile>
    <ClCompile Include="..\Code\Armor.cpp">
      <Filter>02. GameObject\01. For_Stage\06. Item\03. Equipment\Armor</Filter>
    </ClCompile>
    <ClCompile Include="..\Code\Equipment.cpp">
      <Filter>02. GameObject\01. For_Stage\06. Item\03. Equipment</Filter>
    </ClCompile>
    <ClCompile Include="..\Code\SongBossFloorLightning.cpp">
      <Filter>02. GameObject\01. For_Stage\07. Bullet\01. Monster\01. SongBoss\03. FloorLightning</Filter>
    </ClCompile>
    <ClCompile Include="..\Code\Jam.cpp">
      <Filter>02. GameObject\01. For_Stage\10. EcoObject\Harmless\04. Jam</Filter>
    </ClCompile>
    <ClCompile Include="..\Code\EcoWeb.cpp">
      <Filter>02. GameObject\01. For_Stage\10. EcoObject\Harmless\Web</Filter>
    </ClCompile>
    <ClCompile Include="..\Code\EcoMush.cpp">
      <Filter>02. GameObject\01. For_Stage\10. EcoObject\Harmless\Mushroom</Filter>
    </ClCompile>
    <ClCompile Include="..\Code\LongTorch.cpp">
      <Filter>02. GameObject\01. For_Stage\10. EcoObject\Harmless\LongTorch</Filter>
    </ClCompile>
    <ClCompile Include="..\Code\ShortTorch.cpp">
      <Filter>02. GameObject\01. For_Stage\10. EcoObject\Harmless\ShortTorch</Filter>
    </ClCompile>
    <ClCompile Include="..\Code\Statue.cpp">
      <Filter>02. GameObject\01. For_Stage\10. EcoObject\Harmless\Statue</Filter>
    </ClCompile>
    <ClCompile Include="..\Code\FistBullet.cpp">
      <Filter>02. GameObject\01. For_Stage\07. Bullet\01. Monster\00. Fist</Filter>
    </ClCompile>
    <ClCompile Include="..\Code\GreenSpider.cpp">
      <Filter>02. GameObject\01. For_Stage\02. Monster\09. GreenSpider</Filter>
    </ClCompile>
    <ClCompile Include="..\Code\GreenSpiderBullet.cpp">
      <Filter>02. GameObject\01. For_Stage\07. Bullet\01. Monster\03. GreenSpider</Filter>
    </ClCompile>
    <ClCompile Include="..\Code\SpiderBackGround.cpp">
      <Filter>02. GameObject\01. For_Stage\99. UI\09. SpiderBackGround</Filter>
    </ClCompile>
    <ClCompile Include="..\Code\Armor.cpp">
      <Filter>02. GameObject\01. For_Stage\06. Item\03. Equipment\Armor</Filter>
    </ClCompile>
    <ClCompile Include="..\Code\Helmat.cpp">
      <Filter>02. GameObject\01. For_Stage\06. Item\03. Equipment\Helmet</Filter>
    </ClCompile>
    <ClCompile Include="..\Code\Ring.cpp">
      <Filter>02. GameObject\01. For_Stage\06. Item\03. Equipment\Ring</Filter>
    </ClCompile>
    <ClCompile Include="..\Code\Pants.cpp">
      <Filter>02. GameObject\01. For_Stage\06. Item\03. Equipment\Pants</Filter>
    </ClCompile>
    <ClCompile Include="..\Code\Necklace.cpp">
      <Filter>02. GameObject\01. For_Stage\06. Item\03. Equipment\Necklace</Filter>
    </ClCompile>
    <ClCompile Include="..\Code\LeftHand.cpp">
      <Filter>02. GameObject\01. For_Stage\06. Item\03. Equipment\LeftHand</Filter>
    </ClCompile>
    <ClCompile Include="..\Code\PlayerInfo.cpp">
      <Filter>02. GameObject\01. For_Stage\99. UI\10. PlayerInfo</Filter>
    </ClCompile>
    <ClCompile Include="..\Code\HungerUI.cpp">
      <Filter>02. GameObject\01. For_Stage\99. UI\11. HungerUI</Filter>
    </ClCompile>
    <ClCompile Include="..\Code\Food.cpp">
      <Filter>02. GameObject\01. For_Stage\09. Food</Filter>
    </ClCompile>
    <ClCompile Include="..\Code\RockFall.cpp">
      <Filter>02. GameObject\01. For_Stage\10. EcoObject\Trap\RockFall</Filter>
    </ClCompile>
    <ClCompile Include="..\Code\Mimic.cpp">
      <Filter>02. GameObject\01. For_Stage\02. Monster\10. Mimic</Filter>
    </ClCompile>
    <ClCompile Include="..\Code\Water.cpp">
      <Filter>02. GameObject\01. For_Stage\03. Terrain</Filter>
    </ClCompile>
    <ClCompile Include="..\Code\GreenWand.cpp">
      <Filter>02. GameObject\01. For_Stage\06. Item\01. Weapon\GreenWand</Filter>
    </ClCompile>
    <ClCompile Include="..\Code\RedWand.cpp">
      <Filter>02. GameObject\01. For_Stage\06. Item\01. Weapon\RedWand</Filter>
    </ClCompile>
    <ClCompile Include="..\Code\ArrowBullet.cpp">
      <Filter>02. GameObject\01. For_Stage\07. Bullet\00. Player\Arrow</Filter>
    </ClCompile>
    <ClCompile Include="..\Code\ExplodeBullet.cpp">
      <Filter>02. GameObject\01. For_Stage\07. Bullet\00. Player\Explode</Filter>
    </ClCompile>
    <ClCompile Include="..\Code\GreenWandBullet.cpp">
      <Filter>02. GameObject\01. For_Stage\07. Bullet\00. Player\Green</Filter>
    </ClCompile>
    <ClCompile Include="..\Code\WandBullet.cpp">
      <Filter>02. GameObject\01. For_Stage\07. Bullet\00. Player\Pink</Filter>
    </ClCompile>
    <ClCompile Include="..\Code\RedWandBullet.cpp">
      <Filter>02. GameObject\01. For_Stage\07. Bullet\00. Player\Red</Filter>
    </ClCompile>
    <ClCompile Include="..\Code\Cat.cpp">
      <Filter>02. GameObject\01. For_Stage\01. Player\Cat</Filter>
    </ClCompile>
    <ClCompile Include="..\Code\Shop.cpp">
      <Filter>02. GameObject\01. For_Stage\99. UI\12. Shop</Filter>
    </ClCompile>
    <ClCompile Include="..\Code\MyButton.cpp">
      <Filter>02. GameObject\01. For_Stage\99. UI\13. Button</Filter>
    </ClCompile>
    <ClCompile Include="..\Code\Gold.cpp">
      <Filter>02. GameObject\01. For_Stage\11. Gold</Filter>
    </ClCompile>
    <ClCompile Include="..\Code\Intro.cpp">
      <Filter>01. Scene\02. Intro</Filter>
    </ClCompile>
    <ClCompile Include="..\Code\Loading_Scene.cpp">
      <Filter>01. Scene\99. Loading\00. Loading Scene</Filter>
    </ClCompile>
    <ClCompile Include="..\Code\Loading_BG.cpp">
      <Filter>02. GameObject\03. For_Loading\Loading_BG</Filter>
    </ClCompile>
    <ClCompile Include="..\Code\TreasureBox.cpp">
      <Filter>02. GameObject\01. For_Stage\10. EcoObject\Harmless\TreasureBox</Filter>
    </ClCompile>
    <ClCompile Include="..\Code\Door.cpp">
      <Filter>02. GameObject\01. For_Stage\10. EcoObject\Harmless\Door</Filter>
    </ClCompile>
    <ClCompile Include="..\Code\KnifeTrap.cpp">
      <Filter>02. GameObject\01. For_Stage\10. EcoObject\Trap\KnifeTrap</Filter>
    </ClCompile>
    <ClCompile Include="..\Code\Jellyfish.cpp">
      <Filter>02. GameObject\01. For_Stage\02. Monster\JellyfishBoss</Filter>
    </ClCompile>
  </ItemGroup>
  <ItemGroup>
    <ResourceCompile Include="Client.rc">
      <Filter>99. Default\리소스 파일</Filter>
    </ResourceCompile>
  </ItemGroup>
  <ItemGroup>
    <Image Include="small.ico">
      <Filter>99. Default\리소스 파일</Filter>
    </Image>
    <Image Include="Client.ico">
      <Filter>99. Default\리소스 파일</Filter>
    </Image>
  </ItemGroup>
  <ItemGroup>
    <Text Include="ReadMe.txt">
      <Filter>99. Default</Filter>
    </Text>
  </ItemGroup>
  <ItemGroup>
    <FxCompile Include="..\Bin\ShaderFiles\Shader_Rect.hlsl" />
    <FxCompile Include="..\Bin\ShaderFiles\Shader_Water.hlsl" />
    <FxCompile Include="..\Bin\ShaderFiles\Shader_Light.hlsl" />
    <FxCompile Include="..\Bin\ShaderFiles\Shader_Specular.hlsl" />
    <FxCompile Include="..\Bin\ShaderFiles\Shader_Wave.hlsl" />
  </ItemGroup>
</Project>