<?xml version="1.0" encoding="utf-8"?>
<Project ToolsVersion="4.0" xmlns="http://schemas.microsoft.com/developer/msbuild/2003">
  <ItemGroup>
    <Filter Include="00. Component">
      <UniqueIdentifier>{9174bf93-35cc-491d-934f-71cdb49377f0}</UniqueIdentifier>
    </Filter>
    <Filter Include="00. Component\00. VIBuffer">
      <UniqueIdentifier>{17a8f014-7988-4926-ab2a-b088a4446713}</UniqueIdentifier>
    </Filter>
    <Filter Include="00. Component\00. VIBuffer\00. TriCol">
      <UniqueIdentifier>{530046a1-752d-47ab-ae1f-445d733bd419}</UniqueIdentifier>
    </Filter>
    <Filter Include="00. Component\00. VIBuffer\01. RcCol">
      <UniqueIdentifier>{4bc4ea22-439d-414a-9bd2-62e287c4a6f4}</UniqueIdentifier>
    </Filter>
    <Filter Include="99. Export">
      <UniqueIdentifier>{4eb226ac-8d9d-4c42-89bf-72b3dd71a211}</UniqueIdentifier>
    </Filter>
    <Filter Include="01. GameObject">
      <UniqueIdentifier>{f3954805-95c7-4de7-af2a-e51ed4629ee6}</UniqueIdentifier>
    </Filter>
    <Filter Include="02. Layer">
      <UniqueIdentifier>{6b4468e3-fbf4-4bde-9ea8-afb1c662952c}</UniqueIdentifier>
    </Filter>
    <Filter Include="03. Scene">
      <UniqueIdentifier>{049aabfa-bc5d-4479-abb2-73ad091699ce}</UniqueIdentifier>
    </Filter>
    <Filter Include="04. Manager">
      <UniqueIdentifier>{bdab411a-dc47-4d46-891f-d7298f7adb4e}</UniqueIdentifier>
    </Filter>
    <Filter Include="04. Manager\01. ProtoMgr">
      <UniqueIdentifier>{bf294e5c-7d75-4437-84e5-04de8dde0bd3}</UniqueIdentifier>
    </Filter>
    <Filter Include="04. Manager\00. Management">
      <UniqueIdentifier>{9cf6be8d-fe21-4609-aa36-21061519fff9}</UniqueIdentifier>
    </Filter>
    <Filter Include="04. Manager\02. Renderer">
      <UniqueIdentifier>{7ee63053-5e07-45f5-85e5-25431d4e5add}</UniqueIdentifier>
    </Filter>
    <Filter Include="00. Component\01. Transform">
      <UniqueIdentifier>{43e13693-b01d-457c-828d-685950560bb9}</UniqueIdentifier>
    </Filter>
    <Filter Include="00. Component\02. Texture">
      <UniqueIdentifier>{bc1f7fa9-5881-496c-a6db-cc4fee9edf6d}</UniqueIdentifier>
    </Filter>
    <Filter Include="00. Component\00. VIBuffer\02. RcTex">
      <UniqueIdentifier>{d78896e2-c60c-4f74-b779-b23ecdcac8d6}</UniqueIdentifier>
    </Filter>
    <Filter Include="00. Component\00. VIBuffer\03. TerrainTex">
      <UniqueIdentifier>{9545acc5-9ec5-41f2-ae14-635b44c6fc45}</UniqueIdentifier>
    </Filter>
    <Filter Include="01. GameObject\Camera">
      <UniqueIdentifier>{5b5b3365-7c57-437e-a058-5e9d20e0a9df}</UniqueIdentifier>
    </Filter>
    <Filter Include="04. Manager\03. Pipeline">
      <UniqueIdentifier>{67ea8a14-5904-48dd-95d7-3699b8b44a3c}</UniqueIdentifier>
    </Filter>
    <Filter Include="00. Component\00. VIBuffer\04. CubeTex">
      <UniqueIdentifier>{074475f1-d8d3-464d-93e3-83cb0d37cbd4}</UniqueIdentifier>
    </Filter>
    <Filter Include="00. Component\03. Calculator">
      <UniqueIdentifier>{01043bc8-b9e5-40bc-84c0-9580b74ca8b5}</UniqueIdentifier>
    </Filter>
    <Filter Include="04. Manager\04. LightMgr">
      <UniqueIdentifier>{4a5c1a44-a51e-4dfb-b56d-d1df3ea39a0b}</UniqueIdentifier>
    </Filter>
    <Filter Include="04. Manager\04. LightMgr\Light">
      <UniqueIdentifier>{535efaac-35b1-43f7-a194-6502f28bdd55}</UniqueIdentifier>
    </Filter>
    <Filter Include="01. GameObject\Item">
      <UniqueIdentifier>{de9a0722-2ddf-49e1-9212-64c48f7b8cf4}</UniqueIdentifier>
    </Filter>
    <Filter Include="01. GameObject\Bullet">
      <UniqueIdentifier>{bc7d2104-9b02-4a06-8a7f-ae06d4d05a58}</UniqueIdentifier>
    </Filter>
    <Filter Include="01. GameObject\Monster">
      <UniqueIdentifier>{b6022976-b785-4b79-8401-7b0f3e027de4}</UniqueIdentifier>
    </Filter>
    <Filter Include="01. GameObject\Effect">
      <UniqueIdentifier>{33e63dbc-bb62-4a58-80b7-8af8b3f1e202}</UniqueIdentifier>
    </Filter>
    <Filter Include="01. GameObject\Item\Weapon">
      <UniqueIdentifier>{13d47400-4dae-4c7f-9842-40f74e1e471e}</UniqueIdentifier>
    </Filter>
    <Filter Include="04. Manager\05. Particle">
      <UniqueIdentifier>{584de8b8-65df-4088-9c46-ed9bcf90e455}</UniqueIdentifier>
    </Filter>
    <Filter Include="04. Manager\06. CollisionMgr">
      <UniqueIdentifier>{43984613-5b4c-4df2-bf42-2f4d2127666a}</UniqueIdentifier>
    </Filter>
    <Filter Include="00. Component\04. Animator">
      <UniqueIdentifier>{54cae543-8d67-4d9a-94eb-cc1291f38bcd}</UniqueIdentifier>
    </Filter>
    <Filter Include="01. GameObject\UI">
      <UniqueIdentifier>{dfff6b9a-054c-44c5-8a45-0fbb45d081c2}</UniqueIdentifier>
    </Filter>
    <Filter Include="00. Component\05. ParticleBuffer">
      <UniqueIdentifier>{41f55773-3d53-46ab-b71d-9448c8a05fbe}</UniqueIdentifier>
    </Filter>
    <Filter Include="01. GameObject\NPC">
      <UniqueIdentifier>{555c3a30-655f-44bb-af96-271075c22ff2}</UniqueIdentifier>
    </Filter>
    <Filter Include="00. Component\00. VIBuffer\06. Collider">
      <UniqueIdentifier>{1feaa775-610a-4714-8053-1bd5e7017c5b}</UniqueIdentifier>
    </Filter>
  </ItemGroup>
  <ItemGroup>
    <ClInclude Include="..\..\Header\TriCol.h">
      <Filter>00. Component\00. VIBuffer\00. TriCol</Filter>
    </ClInclude>
    <ClInclude Include="..\..\Header\Export_Utility.h">
      <Filter>99. Export</Filter>
    </ClInclude>
    <ClInclude Include="..\..\Header\VIBuffer.h">
      <Filter>00. Component\00. VIBuffer</Filter>
    </ClInclude>
    <ClInclude Include="..\..\Header\RcCol.h">
      <Filter>00. Component\00. VIBuffer\01. RcCol</Filter>
    </ClInclude>
    <ClInclude Include="..\..\Header\ProtoMgr.h">
      <Filter>04. Manager\01. ProtoMgr</Filter>
    </ClInclude>
    <ClInclude Include="..\..\Header\Component.h">
      <Filter>00. Component</Filter>
    </ClInclude>
    <ClInclude Include="..\..\Header\GameObject.h">
      <Filter>01. GameObject</Filter>
    </ClInclude>
    <ClInclude Include="..\..\Header\Layer.h">
      <Filter>02. Layer</Filter>
    </ClInclude>
    <ClInclude Include="..\..\Header\Scene.h">
      <Filter>03. Scene</Filter>
    </ClInclude>
    <ClInclude Include="..\..\Header\Management.h">
      <Filter>04. Manager\00. Management</Filter>
    </ClInclude>
    <ClInclude Include="..\..\Header\Renderer.h">
      <Filter>04. Manager\02. Renderer</Filter>
    </ClInclude>
    <ClInclude Include="..\..\Header\Transform.h">
      <Filter>00. Component\01. Transform</Filter>
    </ClInclude>
    <ClInclude Include="..\..\Header\Texture.h">
      <Filter>00. Component\02. Texture</Filter>
    </ClInclude>
    <ClInclude Include="..\..\Header\RcTex.h">
      <Filter>00. Component\00. VIBuffer\02. RcTex</Filter>
    </ClInclude>
    <ClInclude Include="..\..\Header\TerrainTex.h">
      <Filter>00. Component\00. VIBuffer\03. TerrainTex</Filter>
    </ClInclude>
    <ClInclude Include="..\..\Header\Camera.h">
      <Filter>01. GameObject\Camera</Filter>
    </ClInclude>
    <ClInclude Include="..\..\Header\Pipeline.h">
      <Filter>04. Manager\03. Pipeline</Filter>
    </ClInclude>
    <ClInclude Include="..\..\Header\CubeTex.h">
      <Filter>00. Component\00. VIBuffer\04. CubeTex</Filter>
    </ClInclude>
    <ClInclude Include="..\..\Header\Calculator.h">
      <Filter>00. Component\03. Calculator</Filter>
    </ClInclude>
    <ClInclude Include="..\..\Header\Light.h">
      <Filter>04. Manager\04. LightMgr\Light</Filter>
    </ClInclude>
    <ClInclude Include="..\..\Header\LightMgr.h">
      <Filter>04. Manager\04. LightMgr</Filter>
    </ClInclude>
    <ClInclude Include="..\..\Header\Item.h">
      <Filter>01. GameObject\Item</Filter>
    </ClInclude>
    <ClInclude Include="..\..\Header\Weapon.h">
      <Filter>01. GameObject\Item\Weapon</Filter>
    </ClInclude>
    <ClInclude Include="..\..\Header\Bullet.h">
      <Filter>01. GameObject\Bullet</Filter>
    </ClInclude>
    <ClInclude Include="..\..\Header\Animator.h">
      <Filter>00. Component\04. Animator</Filter>
    </ClInclude>
    <ClInclude Include="..\..\Header\CollisionMgr.h">
      <Filter>04. Manager\06. CollisionMgr</Filter>
    </ClInclude>
    <ClInclude Include="..\..\Header\Monster.h">
      <Filter>01. GameObject\Monster</Filter>
    </ClInclude>
    <ClInclude Include="..\..\Header\UI.h">
      <Filter>01. GameObject\UI</Filter>
    </ClInclude>
    <ClInclude Include="..\..\Header\PtBuffer.h">
      <Filter>00. Component\05. ParticleBuffer</Filter>
    </ClInclude>
    <ClInclude Include="..\..\Header\NPC.h">
      <Filter>01. GameObject\NPC</Filter>
    </ClInclude>
    <ClInclude Include="..\..\Header\Collider.h">
      <Filter>00. Component\00. VIBuffer\06. Collider</Filter>
    </ClInclude>
  </ItemGroup>
  <ItemGroup>
    <ClCompile Include="..\Code\TriCol.cpp">
      <Filter>00. Component\00. VIBuffer\00. TriCol</Filter>
    </ClCompile>
    <ClCompile Include="..\Code\VIBuffer.cpp">
      <Filter>00. Component\00. VIBuffer</Filter>
    </ClCompile>
    <ClCompile Include="..\Code\RcCol.cpp">
      <Filter>00. Component\00. VIBuffer\01. RcCol</Filter>
    </ClCompile>
    <ClCompile Include="..\Code\ProtoMgr.cpp">
      <Filter>04. Manager\01. ProtoMgr</Filter>
    </ClCompile>
    <ClCompile Include="..\Code\Component.cpp">
      <Filter>00. Component</Filter>
    </ClCompile>
    <ClCompile Include="..\Code\GameObject.cpp">
      <Filter>01. GameObject</Filter>
    </ClCompile>
    <ClCompile Include="..\Code\Layer.cpp">
      <Filter>02. Layer</Filter>
    </ClCompile>
    <ClCompile Include="..\Code\Scene.cpp">
      <Filter>03. Scene</Filter>
    </ClCompile>
    <ClCompile Include="..\Code\Management.cpp">
      <Filter>04. Manager\00. Management</Filter>
    </ClCompile>
    <ClCompile Include="..\Code\Renderer.cpp">
      <Filter>04. Manager\02. Renderer</Filter>
    </ClCompile>
    <ClCompile Include="..\Code\Transform.cpp">
      <Filter>00. Component\01. Transform</Filter>
    </ClCompile>
    <ClCompile Include="..\Code\Texture.cpp">
      <Filter>00. Component\02. Texture</Filter>
    </ClCompile>
    <ClCompile Include="..\Code\RcTex.cpp">
      <Filter>00. Component\00. VIBuffer\02. RcTex</Filter>
    </ClCompile>
    <ClCompile Include="..\Code\TerrainTex.cpp">
      <Filter>00. Component\00. VIBuffer\03. TerrainTex</Filter>
    </ClCompile>
    <ClCompile Include="..\Code\Camera.cpp">
      <Filter>01. GameObject\Camera</Filter>
    </ClCompile>
    <ClCompile Include="..\Code\Pipeline.cpp">
      <Filter>04. Manager\03. Pipeline</Filter>
    </ClCompile>
    <ClCompile Include="..\Code\CubeTex.cpp">
      <Filter>00. Component\00. VIBuffer\04. CubeTex</Filter>
    </ClCompile>
    <ClCompile Include="..\Code\Calculator.cpp">
      <Filter>00. Component\03. Calculator</Filter>
    </ClCompile>
    <ClCompile Include="..\Code\Light.cpp">
      <Filter>04. Manager\04. LightMgr\Light</Filter>
    </ClCompile>
    <ClCompile Include="..\Code\LightMgr.cpp">
      <Filter>04. Manager\04. LightMgr</Filter>
    </ClCompile>
    <ClCompile Include="..\Code\Item.cpp">
      <Filter>01. GameObject\Item</Filter>
    </ClCompile>
    <ClCompile Include="..\Code\Weapon.cpp">
      <Filter>01. GameObject\Item\Weapon</Filter>
    </ClCompile>
    <ClCompile Include="..\Code\Bullet.cpp">
      <Filter>01. GameObject\Bullet</Filter>
    </ClCompile>
    <ClCompile Include="..\Code\Animator.cpp">
      <Filter>00. Component\04. Animator</Filter>
    </ClCompile>
    <ClCompile Include="..\Code\CollisionMgr.cpp">
      <Filter>04. Manager\06. CollisionMgr</Filter>
    </ClCompile>
    <ClCompile Include="..\Code\Monster.cpp">
      <Filter>01. GameObject\Monster</Filter>
    </ClCompile>
    <ClCompile Include="..\Code\UI.cpp">
      <Filter>01. GameObject\UI</Filter>
    </ClCompile>
    <ClCompile Include="..\Code\PtBuffer.cpp">
      <Filter>00. Component\05. ParticleBuffer</Filter>
    </ClCompile>
    <ClCompile Include="..\Code\NPC.cpp">
      <Filter>01. GameObject\NPC</Filter>
    </ClCompile>
    <ClCompile Include="..\Code\Collider.cpp">
      <Filter>00. Component\00. VIBuffer\06. Collider</Filter>
    </ClCompile>
  </ItemGroup>
  <ItemGroup>
    <None Include="..\..\Header\Export_Utility.inl">
      <Filter>99. Export</Filter>
    </None>
  </ItemGroup>
</Project>